github.com/DennisPing/AOC-2024/utils v0.0.0-20241208022800-69b6eef8b226 h1:ITOQNR6qA/rY90lQsZSQSG+p3bXr7G5wTGIWrypO0+Y=
github.com/DennisPing/AOC-2024/utils v0.0.0-20241208022800-69b6eef8b226/go.mod h1:8/+zIY3i9pquYWz6V521l8J7HJQ8cQKV1jj7lVfvTY4=
github.com/DennisPing/AOC-2024/utils v0.0.0-20241208032614-82541a093668 h1:zwfFPEt4V0bdFUF4PSRshdcen8pGREYv3q5n5T9zaio=
github.com/DennisPing/AOC-2024/utils v0.0.0-20241208032614-82541a093668/go.mod h1:8/+zIY3i9pquYWz6V521l8J7HJQ8cQKV1jj7lVfvTY4=
